
Microsoft Visual Studio Solution File, Format Version 12.00
# Visual Studio Version 16
VisualStudioVersion = 16.0.31613.86
MinimumVisualStudioVersion = 10.0.40219.1
Project("{FAE04EC0-301F-11D3-BF4B-00C04F79EFBC}") = "Rocky", "Rocky\Rocky.csproj", "{1FCC9447-E275-4C9C-A4A9-19DEB23B5DDA}"
EndProject
Global
	GlobalSection(SolutionConfigurationPlatforms) = preSolution
		Debug|Any CPU = Debug|Any CPU
		Release|Any CPU = Release|Any CPU
	EndGlobalSection
	GlobalSection(ProjectConfigurationPlatforms) = postSolution
		{1FCC9447-E275-4C9C-A4A9-19DEB23B5DDA}.Debug|Any CPU.ActiveCfg = Debug|Any CPU
		{1FCC9447-E275-4C9C-A4A9-19DEB23B5DDA}.Debug|Any CPU.Build.0 = Debug|Any CPU
		{1FCC9447-E275-4C9C-A4A9-19DEB23B5DDA}.Release|Any CPU.ActiveCfg = Release|Any CPU
		{1FCC9447-E275-4C9C-A4A9-19DEB23B5DDA}.Release|Any CPU.Build.0 = Release|Any CPU
	EndGlobalSection
	GlobalSection(SolutionProperties) = preSolution
		HideSolutionNode = FALSE
	EndGlobalSection
	GlobalSection(ExtensibilityGlobals) = postSolution
		SolutionGuid = {313FA87F-2A23-4F60-A595-4BCE52BEFC99}
	EndGlobalSection
EndGlobal
